
Microsoft Visual Studio Solution File, Format Version 12.00
# Visual Studio Version 16
VisualStudioVersion = 16.0.30804.86
MinimumVisualStudioVersion = 10.0.40219.1
Project("{FAE04EC0-301F-11D3-BF4B-00C04F79EFBC}") = "NYC Restaurant Inspections.Android", "NYC Restaurant Inspections.Android\NYC Restaurant Inspections.Android.csproj", "{A6D2DA01-6A54-418D-8B0F-F61F29878C8E}"
EndProject
Project("{FAE04EC0-301F-11D3-BF4B-00C04F79EFBC}") = "NYC Restaurant Inspections.iOS", "NYC Restaurant Inspections.iOS\NYC Restaurant Inspections.iOS.csproj", "{3E37EA59-0934-4E96-B6DD-BE0BF042B463}"
EndProject
Project("{FAE04EC0-301F-11D3-BF4B-00C04F79EFBC}") = "NYC Restaurant Inspections", "NYC Restaurant Inspections\NYC Restaurant Inspections.csproj", "{4AA89FB3-B120-4B68-BD1F-B589703334DF}"
EndProject
Global
	GlobalSection(SolutionConfigurationPlatforms) = preSolution
		Debug|Any CPU = Debug|Any CPU
		Debug|iPhone = Debug|iPhone
		Debug|iPhoneSimulator = Debug|iPhoneSimulator
		Release|Any CPU = Release|Any CPU
		Release|iPhone = Release|iPhone
		Release|iPhoneSimulator = Release|iPhoneSimulator
	EndGlobalSection
	GlobalSection(ProjectConfigurationPlatforms) = postSolution
		{A6D2DA01-6A54-418D-8B0F-F61F29878C8E}.Debug|Any CPU.ActiveCfg = Debug|Any CPU
		{A6D2DA01-6A54-418D-8B0F-F61F29878C8E}.Debug|Any CPU.Build.0 = Debug|Any CPU
		{A6D2DA01-6A54-418D-8B0F-F61F29878C8E}.Debug|Any CPU.Deploy.0 = Debug|Any CPU
		{A6D2DA01-6A54-418D-8B0F-F61F29878C8E}.Debug|iPhone.ActiveCfg = Debug|Any CPU
		{A6D2DA01-6A54-418D-8B0F-F61F29878C8E}.Debug|iPhone.Build.0 = Debug|Any CPU
		{A6D2DA01-6A54-418D-8B0F-F61F29878C8E}.Debug|iPhone.Deploy.0 = Debug|Any CPU
		{A6D2DA01-6A54-418D-8B0F-F61F29878C8E}.Debug|iPhoneSimulator.ActiveCfg = Debug|Any CPU
		{A6D2DA01-6A54-418D-8B0F-F61F29878C8E}.Debug|iPhoneSimulator.Build.0 = Debug|Any CPU
		{A6D2DA01-6A54-418D-8B0F-F61F29878C8E}.Debug|iPhoneSimulator.Deploy.0 = Debug|Any CPU
		{A6D2DA01-6A54-418D-8B0F-F61F29878C8E}.Release|Any CPU.ActiveCfg = Release|Any CPU
		{A6D2DA01-6A54-418D-8B0F-F61F29878C8E}.Release|Any CPU.Build.0 = Release|Any CPU
		{A6D2DA01-6A54-418D-8B0F-F61F29878C8E}.Release|Any CPU.Deploy.0 = Release|Any CPU
		{A6D2DA01-6A54-418D-8B0F-F61F29878C8E}.Release|iPhone.ActiveCfg = Release|Any CPU
		{A6D2DA01-6A54-418D-8B0F-F61F29878C8E}.Release|iPhone.Build.0 = Release|Any CPU
		{A6D2DA01-6A54-418D-8B0F-F61F29878C8E}.Release|iPhone.Deploy.0 = Release|Any CPU
		{A6D2DA01-6A54-418D-8B0F-F61F29878C8E}.Release|iPhoneSimulator.ActiveCfg = Release|Any CPU
		{A6D2DA01-6A54-418D-8B0F-F61F29878C8E}.Release|iPhoneSimulator.Build.0 = Release|Any CPU
		{A6D2DA01-6A54-418D-8B0F-F61F29878C8E}.Release|iPhoneSimulator.Deploy.0 = Release|Any CPU
		{3E37EA59-0934-4E96-B6DD-BE0BF042B463}.Debug|Any CPU.ActiveCfg = Debug|iPhone
		{3E37EA59-0934-4E96-B6DD-BE0BF042B463}.Debug|Any CPU.Build.0 = Debug|iPhone
		{3E37EA59-0934-4E96-B6DD-BE0BF042B463}.Debug|Any CPU.Deploy.0 = Debug|iPhone
		{3E37EA59-0934-4E96-B6DD-BE0BF042B463}.Debug|iPhone.ActiveCfg = Debug|iPhone
		{3E37EA59-0934-4E96-B6DD-BE0BF042B463}.Debug|iPhone.Build.0 = Debug|iPhone
		{3E37EA59-0934-4E96-B6DD-BE0BF042B463}.Debug|iPhone.Deploy.0 = Debug|iPhone
		{3E37EA59-0934-4E96-B6DD-BE0BF042B463}.Debug|iPhoneSimulator.ActiveCfg = Debug|iPhoneSimulator
		{3E37EA59-0934-4E96-B6DD-BE0BF042B463}.Debug|iPhoneSimulator.Build.0 = Debug|iPhoneSimulator
		{3E37EA59-0934-4E96-B6DD-BE0BF042B463}.Debug|iPhoneSimulator.Deploy.0 = Debug|iPhoneSimulator
		{3E37EA59-0934-4E96-B6DD-BE0BF042B463}.Release|Any CPU.ActiveCfg = Release|iPhoneSimulator
		{3E37EA59-0934-4E96-B6DD-BE0BF042B463}.Release|Any CPU.Build.0 = Release|iPhoneSimulator
		{3E37EA59-0934-4E96-B6DD-BE0BF042B463}.Release|Any CPU.Deploy.0 = Release|iPhoneSimulator
		{3E37EA59-0934-4E96-B6DD-BE0BF042B463}.Release|iPhone.ActiveCfg = Release|iPhone
		{3E37EA59-0934-4E96-B6DD-BE0BF042B463}.Release|iPhone.Build.0 = Release|iPhone
		{3E37EA59-0934-4E96-B6DD-BE0BF042B463}.Release|iPhone.Deploy.0 = Release|iPhone
		{3E37EA59-0934-4E96-B6DD-BE0BF042B463}.Release|iPhoneSimulator.ActiveCfg = Release|iPhoneSimulator
		{3E37EA59-0934-4E96-B6DD-BE0BF042B463}.Release|iPhoneSimulator.Build.0 = Release|iPhoneSimulator
		{3E37EA59-0934-4E96-B6DD-BE0BF042B463}.Release|iPhoneSimulator.Deploy.0 = Release|iPhoneSimulator
		{4AA89FB3-B120-4B68-BD1F-B589703334DF}.Debug|Any CPU.ActiveCfg = Debug|Any CPU
		{4AA89FB3-B120-4B68-BD1F-B589703334DF}.Debug|Any CPU.Build.0 = Debug|Any CPU
		{4AA89FB3-B120-4B68-BD1F-B589703334DF}.Debug|Any CPU.Deploy.0 = Debug|Any CPU
		{4AA89FB3-B120-4B68-BD1F-B589703334DF}.Debug|iPhone.ActiveCfg = Debug|Any CPU
		{4AA89FB3-B120-4B68-BD1F-B589703334DF}.Debug|iPhone.Build.0 = Debug|Any CPU
		{4AA89FB3-B120-4B68-BD1F-B589703334DF}.Debug|iPhone.Deploy.0 = Debug|Any CPU
		{4AA89FB3-B120-4B68-BD1F-B589703334DF}.Debug|iPhoneSimulator.ActiveCfg = Debug|Any CPU
		{4AA89FB3-B120-4B68-BD1F-B589703334DF}.Debug|iPhoneSimulator.Build.0 = Debug|Any CPU
		{4AA89FB3-B120-4B68-BD1F-B589703334DF}.Debug|iPhoneSimulator.Deploy.0 = Debug|Any CPU
		{4AA89FB3-B120-4B68-BD1F-B589703334DF}.Release|Any CPU.ActiveCfg = Release|Any CPU
		{4AA89FB3-B120-4B68-BD1F-B589703334DF}.Release|Any CPU.Build.0 = Release|Any CPU
		{4AA89FB3-B120-4B68-BD1F-B589703334DF}.Release|Any CPU.Deploy.0 = Release|Any CPU
		{4AA89FB3-B120-4B68-BD1F-B589703334DF}.Release|iPhone.ActiveCfg = Release|Any CPU
		{4AA89FB3-B120-4B68-BD1F-B589703334DF}.Release|iPhone.Build.0 = Release|Any CPU
		{4AA89FB3-B120-4B68-BD1F-B589703334DF}.Release|iPhone.Deploy.0 = Release|Any CPU
		{4AA89FB3-B120-4B68-BD1F-B589703334DF}.Release|iPhoneSimulator.ActiveCfg = Release|Any CPU
		{4AA89FB3-B120-4B68-BD1F-B589703334DF}.Release|iPhoneSimulator.Build.0 = Release|Any CPU
		{4AA89FB3-B120-4B68-BD1F-B589703334DF}.Release|iPhoneSimulator.Deploy.0 = Release|Any CPU
	EndGlobalSection
	GlobalSection(SolutionProperties) = preSolution
		HideSolutionNode = FALSE
	EndGlobalSection
	GlobalSection(ExtensibilityGlobals) = postSolution
		SolutionGuid = {D80C5170-5732-4E5A-858F-6F6187BA73D7}
	EndGlobalSection
EndGlobal
