
Microsoft Visual Studio Solution File, Format Version 12.00
# Visual Studio Version 16
VisualStudioVersion = 16.0.30804.86
MinimumVisualStudioVersion = 10.0.40219.1
Project("{FAE04EC0-301F-11D3-BF4B-00C04F79EFBC}") = "NYC Inspections.Android", "NYC Inspections.Android\NYC Inspections.Android.csproj", "{7C3DDFB2-163E-4914-9A9C-EB597E9B707D}"
EndProject
Project("{FAE04EC0-301F-11D3-BF4B-00C04F79EFBC}") = "NYC Inspections.iOS", "NYC Inspections.iOS\NYC Inspections.iOS.csproj", "{57B0DFB3-94E9-45D4-8152-E37D3BC4A9C4}"
EndProject
Project("{9A19103F-16F7-4668-BE54-9A1E7A4F7556}") = "NYC Inspections", "NYC Inspections\NYC Inspections.csproj", "{2BACDC94-73B8-486D-A97A-A2C831463B04}"
EndProject
Global
	GlobalSection(SolutionConfigurationPlatforms) = preSolution
		Debug|Any CPU = Debug|Any CPU
		Debug|iPhone = Debug|iPhone
		Debug|iPhoneSimulator = Debug|iPhoneSimulator
		Release|Any CPU = Release|Any CPU
		Release|iPhone = Release|iPhone
		Release|iPhoneSimulator = Release|iPhoneSimulator
	EndGlobalSection
	GlobalSection(ProjectConfigurationPlatforms) = postSolution
		{7C3DDFB2-163E-4914-9A9C-EB597E9B707D}.Debug|Any CPU.ActiveCfg = Debug|Any CPU
		{7C3DDFB2-163E-4914-9A9C-EB597E9B707D}.Debug|Any CPU.Build.0 = Debug|Any CPU
		{7C3DDFB2-163E-4914-9A9C-EB597E9B707D}.Debug|Any CPU.Deploy.0 = Debug|Any CPU
		{7C3DDFB2-163E-4914-9A9C-EB597E9B707D}.Debug|iPhone.ActiveCfg = Debug|Any CPU
		{7C3DDFB2-163E-4914-9A9C-EB597E9B707D}.Debug|iPhone.Build.0 = Debug|Any CPU
		{7C3DDFB2-163E-4914-9A9C-EB597E9B707D}.Debug|iPhone.Deploy.0 = Debug|Any CPU
		{7C3DDFB2-163E-4914-9A9C-EB597E9B707D}.Debug|iPhoneSimulator.ActiveCfg = Debug|Any CPU
		{7C3DDFB2-163E-4914-9A9C-EB597E9B707D}.Debug|iPhoneSimulator.Build.0 = Debug|Any CPU
		{7C3DDFB2-163E-4914-9A9C-EB597E9B707D}.Debug|iPhoneSimulator.Deploy.0 = Debug|Any CPU
		{7C3DDFB2-163E-4914-9A9C-EB597E9B707D}.Release|Any CPU.ActiveCfg = Release|Any CPU
		{7C3DDFB2-163E-4914-9A9C-EB597E9B707D}.Release|Any CPU.Build.0 = Release|Any CPU
		{7C3DDFB2-163E-4914-9A9C-EB597E9B707D}.Release|Any CPU.Deploy.0 = Release|Any CPU
		{7C3DDFB2-163E-4914-9A9C-EB597E9B707D}.Release|iPhone.ActiveCfg = Release|Any CPU
		{7C3DDFB2-163E-4914-9A9C-EB597E9B707D}.Release|iPhone.Build.0 = Release|Any CPU
		{7C3DDFB2-163E-4914-9A9C-EB597E9B707D}.Release|iPhone.Deploy.0 = Release|Any CPU
		{7C3DDFB2-163E-4914-9A9C-EB597E9B707D}.Release|iPhoneSimulator.ActiveCfg = Release|Any CPU
		{7C3DDFB2-163E-4914-9A9C-EB597E9B707D}.Release|iPhoneSimulator.Build.0 = Release|Any CPU
		{7C3DDFB2-163E-4914-9A9C-EB597E9B707D}.Release|iPhoneSimulator.Deploy.0 = Release|Any CPU
		{57B0DFB3-94E9-45D4-8152-E37D3BC4A9C4}.Debug|Any CPU.ActiveCfg = Debug|iPhone
		{57B0DFB3-94E9-45D4-8152-E37D3BC4A9C4}.Debug|Any CPU.Build.0 = Debug|iPhone
		{57B0DFB3-94E9-45D4-8152-E37D3BC4A9C4}.Debug|Any CPU.Deploy.0 = Debug|iPhone
		{57B0DFB3-94E9-45D4-8152-E37D3BC4A9C4}.Debug|iPhone.ActiveCfg = Debug|iPhoneSimulator
		{57B0DFB3-94E9-45D4-8152-E37D3BC4A9C4}.Debug|iPhone.Build.0 = Debug|iPhoneSimulator
		{57B0DFB3-94E9-45D4-8152-E37D3BC4A9C4}.Debug|iPhone.Deploy.0 = Debug|iPhoneSimulator
		{57B0DFB3-94E9-45D4-8152-E37D3BC4A9C4}.Debug|iPhoneSimulator.ActiveCfg = Debug|iPhoneSimulator
		{57B0DFB3-94E9-45D4-8152-E37D3BC4A9C4}.Debug|iPhoneSimulator.Build.0 = Debug|iPhoneSimulator
		{57B0DFB3-94E9-45D4-8152-E37D3BC4A9C4}.Debug|iPhoneSimulator.Deploy.0 = Debug|iPhoneSimulator
		{57B0DFB3-94E9-45D4-8152-E37D3BC4A9C4}.Release|Any CPU.ActiveCfg = Release|iPhoneSimulator
		{57B0DFB3-94E9-45D4-8152-E37D3BC4A9C4}.Release|Any CPU.Build.0 = Release|iPhoneSimulator
		{57B0DFB3-94E9-45D4-8152-E37D3BC4A9C4}.Release|Any CPU.Deploy.0 = Release|iPhoneSimulator
		{57B0DFB3-94E9-45D4-8152-E37D3BC4A9C4}.Release|iPhone.ActiveCfg = Release|iPhone
		{57B0DFB3-94E9-45D4-8152-E37D3BC4A9C4}.Release|iPhone.Build.0 = Release|iPhone
		{57B0DFB3-94E9-45D4-8152-E37D3BC4A9C4}.Release|iPhone.Deploy.0 = Release|iPhone
		{57B0DFB3-94E9-45D4-8152-E37D3BC4A9C4}.Release|iPhoneSimulator.ActiveCfg = Release|iPhoneSimulator
		{57B0DFB3-94E9-45D4-8152-E37D3BC4A9C4}.Release|iPhoneSimulator.Build.0 = Release|iPhoneSimulator
		{57B0DFB3-94E9-45D4-8152-E37D3BC4A9C4}.Release|iPhoneSimulator.Deploy.0 = Release|iPhoneSimulator
		{2BACDC94-73B8-486D-A97A-A2C831463B04}.Debug|Any CPU.ActiveCfg = Debug|Any CPU
		{2BACDC94-73B8-486D-A97A-A2C831463B04}.Debug|Any CPU.Build.0 = Debug|Any CPU
		{2BACDC94-73B8-486D-A97A-A2C831463B04}.Debug|Any CPU.Deploy.0 = Debug|Any CPU
		{2BACDC94-73B8-486D-A97A-A2C831463B04}.Debug|iPhone.ActiveCfg = Debug|Any CPU
		{2BACDC94-73B8-486D-A97A-A2C831463B04}.Debug|iPhone.Build.0 = Debug|Any CPU
		{2BACDC94-73B8-486D-A97A-A2C831463B04}.Debug|iPhone.Deploy.0 = Debug|Any CPU
		{2BACDC94-73B8-486D-A97A-A2C831463B04}.Debug|iPhoneSimulator.ActiveCfg = Debug|Any CPU
		{2BACDC94-73B8-486D-A97A-A2C831463B04}.Debug|iPhoneSimulator.Build.0 = Debug|Any CPU
		{2BACDC94-73B8-486D-A97A-A2C831463B04}.Debug|iPhoneSimulator.Deploy.0 = Debug|Any CPU
		{2BACDC94-73B8-486D-A97A-A2C831463B04}.Release|Any CPU.ActiveCfg = Release|Any CPU
		{2BACDC94-73B8-486D-A97A-A2C831463B04}.Release|Any CPU.Build.0 = Release|Any CPU
		{2BACDC94-73B8-486D-A97A-A2C831463B04}.Release|Any CPU.Deploy.0 = Release|Any CPU
		{2BACDC94-73B8-486D-A97A-A2C831463B04}.Release|iPhone.ActiveCfg = Release|Any CPU
		{2BACDC94-73B8-486D-A97A-A2C831463B04}.Release|iPhone.Build.0 = Release|Any CPU
		{2BACDC94-73B8-486D-A97A-A2C831463B04}.Release|iPhone.Deploy.0 = Release|Any CPU
		{2BACDC94-73B8-486D-A97A-A2C831463B04}.Release|iPhoneSimulator.ActiveCfg = Release|Any CPU
		{2BACDC94-73B8-486D-A97A-A2C831463B04}.Release|iPhoneSimulator.Build.0 = Release|Any CPU
		{2BACDC94-73B8-486D-A97A-A2C831463B04}.Release|iPhoneSimulator.Deploy.0 = Release|Any CPU
	EndGlobalSection
	GlobalSection(SolutionProperties) = preSolution
		HideSolutionNode = FALSE
	EndGlobalSection
	GlobalSection(ExtensibilityGlobals) = postSolution
		SolutionGuid = {2F8ACE33-83EB-473A-B7C3-DEE5F0FE44CB}
	EndGlobalSection
EndGlobal
