
Microsoft Visual Studio Solution File, Format Version 12.00
# Visual Studio Version 16
VisualStudioVersion = 16.0.30804.86
MinimumVisualStudioVersion = 10.0.40219.1
Project("{FAE04EC0-301F-11D3-BF4B-00C04F79EFBC}") = "Lottery_App.Android", "Lottery_App.Android\Lottery_App.Android.csproj", "{9E8B97E6-971C-47DB-B493-2D40F32EDC89}"
EndProject
Project("{FAE04EC0-301F-11D3-BF4B-00C04F79EFBC}") = "Lottery_App.iOS", "Lottery_App.iOS\Lottery_App.iOS.csproj", "{19CC0871-D1AE-4E3D-9F35-2C1EBB098E2B}"
EndProject
Project("{FAE04EC0-301F-11D3-BF4B-00C04F79EFBC}") = "Lottery_App", "Lottery_App\Lottery_App.csproj", "{CB41E6DD-6E2D-4794-96A9-39FBDCB48A3B}"
EndProject
Global
	GlobalSection(SolutionConfigurationPlatforms) = preSolution
		Debug|Any CPU = Debug|Any CPU
		Debug|iPhone = Debug|iPhone
		Debug|iPhoneSimulator = Debug|iPhoneSimulator
		Release|Any CPU = Release|Any CPU
		Release|iPhone = Release|iPhone
		Release|iPhoneSimulator = Release|iPhoneSimulator
	EndGlobalSection
	GlobalSection(ProjectConfigurationPlatforms) = postSolution
		{9E8B97E6-971C-47DB-B493-2D40F32EDC89}.Debug|Any CPU.ActiveCfg = Debug|Any CPU
		{9E8B97E6-971C-47DB-B493-2D40F32EDC89}.Debug|Any CPU.Build.0 = Debug|Any CPU
		{9E8B97E6-971C-47DB-B493-2D40F32EDC89}.Debug|Any CPU.Deploy.0 = Debug|Any CPU
		{9E8B97E6-971C-47DB-B493-2D40F32EDC89}.Debug|iPhone.ActiveCfg = Debug|Any CPU
		{9E8B97E6-971C-47DB-B493-2D40F32EDC89}.Debug|iPhone.Build.0 = Debug|Any CPU
		{9E8B97E6-971C-47DB-B493-2D40F32EDC89}.Debug|iPhone.Deploy.0 = Debug|Any CPU
		{9E8B97E6-971C-47DB-B493-2D40F32EDC89}.Debug|iPhoneSimulator.ActiveCfg = Debug|Any CPU
		{9E8B97E6-971C-47DB-B493-2D40F32EDC89}.Debug|iPhoneSimulator.Build.0 = Debug|Any CPU
		{9E8B97E6-971C-47DB-B493-2D40F32EDC89}.Debug|iPhoneSimulator.Deploy.0 = Debug|Any CPU
		{9E8B97E6-971C-47DB-B493-2D40F32EDC89}.Release|Any CPU.ActiveCfg = Release|Any CPU
		{9E8B97E6-971C-47DB-B493-2D40F32EDC89}.Release|Any CPU.Build.0 = Release|Any CPU
		{9E8B97E6-971C-47DB-B493-2D40F32EDC89}.Release|Any CPU.Deploy.0 = Release|Any CPU
		{9E8B97E6-971C-47DB-B493-2D40F32EDC89}.Release|iPhone.ActiveCfg = Release|Any CPU
		{9E8B97E6-971C-47DB-B493-2D40F32EDC89}.Release|iPhone.Build.0 = Release|Any CPU
		{9E8B97E6-971C-47DB-B493-2D40F32EDC89}.Release|iPhone.Deploy.0 = Release|Any CPU
		{9E8B97E6-971C-47DB-B493-2D40F32EDC89}.Release|iPhoneSimulator.ActiveCfg = Release|Any CPU
		{9E8B97E6-971C-47DB-B493-2D40F32EDC89}.Release|iPhoneSimulator.Build.0 = Release|Any CPU
		{9E8B97E6-971C-47DB-B493-2D40F32EDC89}.Release|iPhoneSimulator.Deploy.0 = Release|Any CPU
		{19CC0871-D1AE-4E3D-9F35-2C1EBB098E2B}.Debug|Any CPU.ActiveCfg = Debug|iPhone
		{19CC0871-D1AE-4E3D-9F35-2C1EBB098E2B}.Debug|Any CPU.Build.0 = Debug|iPhone
		{19CC0871-D1AE-4E3D-9F35-2C1EBB098E2B}.Debug|Any CPU.Deploy.0 = Debug|iPhone
		{19CC0871-D1AE-4E3D-9F35-2C1EBB098E2B}.Debug|iPhone.ActiveCfg = Debug|iPhone
		{19CC0871-D1AE-4E3D-9F35-2C1EBB098E2B}.Debug|iPhone.Build.0 = Debug|iPhone
		{19CC0871-D1AE-4E3D-9F35-2C1EBB098E2B}.Debug|iPhone.Deploy.0 = Debug|iPhone
		{19CC0871-D1AE-4E3D-9F35-2C1EBB098E2B}.Debug|iPhoneSimulator.ActiveCfg = Debug|iPhoneSimulator
		{19CC0871-D1AE-4E3D-9F35-2C1EBB098E2B}.Debug|iPhoneSimulator.Build.0 = Debug|iPhoneSimulator
		{19CC0871-D1AE-4E3D-9F35-2C1EBB098E2B}.Debug|iPhoneSimulator.Deploy.0 = Debug|iPhoneSimulator
		{19CC0871-D1AE-4E3D-9F35-2C1EBB098E2B}.Release|Any CPU.ActiveCfg = Release|iPhoneSimulator
		{19CC0871-D1AE-4E3D-9F35-2C1EBB098E2B}.Release|Any CPU.Build.0 = Release|iPhoneSimulator
		{19CC0871-D1AE-4E3D-9F35-2C1EBB098E2B}.Release|Any CPU.Deploy.0 = Release|iPhoneSimulator
		{19CC0871-D1AE-4E3D-9F35-2C1EBB098E2B}.Release|iPhone.ActiveCfg = Release|iPhone
		{19CC0871-D1AE-4E3D-9F35-2C1EBB098E2B}.Release|iPhone.Build.0 = Release|iPhone
		{19CC0871-D1AE-4E3D-9F35-2C1EBB098E2B}.Release|iPhone.Deploy.0 = Release|iPhone
		{19CC0871-D1AE-4E3D-9F35-2C1EBB098E2B}.Release|iPhoneSimulator.ActiveCfg = Release|iPhoneSimulator
		{19CC0871-D1AE-4E3D-9F35-2C1EBB098E2B}.Release|iPhoneSimulator.Build.0 = Release|iPhoneSimulator
		{19CC0871-D1AE-4E3D-9F35-2C1EBB098E2B}.Release|iPhoneSimulator.Deploy.0 = Release|iPhoneSimulator
		{CB41E6DD-6E2D-4794-96A9-39FBDCB48A3B}.Debug|Any CPU.ActiveCfg = Debug|Any CPU
		{CB41E6DD-6E2D-4794-96A9-39FBDCB48A3B}.Debug|Any CPU.Build.0 = Debug|Any CPU
		{CB41E6DD-6E2D-4794-96A9-39FBDCB48A3B}.Debug|Any CPU.Deploy.0 = Debug|Any CPU
		{CB41E6DD-6E2D-4794-96A9-39FBDCB48A3B}.Debug|iPhone.ActiveCfg = Debug|Any CPU
		{CB41E6DD-6E2D-4794-96A9-39FBDCB48A3B}.Debug|iPhone.Build.0 = Debug|Any CPU
		{CB41E6DD-6E2D-4794-96A9-39FBDCB48A3B}.Debug|iPhone.Deploy.0 = Debug|Any CPU
		{CB41E6DD-6E2D-4794-96A9-39FBDCB48A3B}.Debug|iPhoneSimulator.ActiveCfg = Debug|Any CPU
		{CB41E6DD-6E2D-4794-96A9-39FBDCB48A3B}.Debug|iPhoneSimulator.Build.0 = Debug|Any CPU
		{CB41E6DD-6E2D-4794-96A9-39FBDCB48A3B}.Debug|iPhoneSimulator.Deploy.0 = Debug|Any CPU
		{CB41E6DD-6E2D-4794-96A9-39FBDCB48A3B}.Release|Any CPU.ActiveCfg = Release|Any CPU
		{CB41E6DD-6E2D-4794-96A9-39FBDCB48A3B}.Release|Any CPU.Build.0 = Release|Any CPU
		{CB41E6DD-6E2D-4794-96A9-39FBDCB48A3B}.Release|Any CPU.Deploy.0 = Release|Any CPU
		{CB41E6DD-6E2D-4794-96A9-39FBDCB48A3B}.Release|iPhone.ActiveCfg = Release|Any CPU
		{CB41E6DD-6E2D-4794-96A9-39FBDCB48A3B}.Release|iPhone.Build.0 = Release|Any CPU
		{CB41E6DD-6E2D-4794-96A9-39FBDCB48A3B}.Release|iPhone.Deploy.0 = Release|Any CPU
		{CB41E6DD-6E2D-4794-96A9-39FBDCB48A3B}.Release|iPhoneSimulator.ActiveCfg = Release|Any CPU
		{CB41E6DD-6E2D-4794-96A9-39FBDCB48A3B}.Release|iPhoneSimulator.Build.0 = Release|Any CPU
		{CB41E6DD-6E2D-4794-96A9-39FBDCB48A3B}.Release|iPhoneSimulator.Deploy.0 = Release|Any CPU
	EndGlobalSection
	GlobalSection(SolutionProperties) = preSolution
		HideSolutionNode = FALSE
	EndGlobalSection
	GlobalSection(ExtensibilityGlobals) = postSolution
		SolutionGuid = {840C6D79-E50A-4CFC-A502-1E38E09AC594}
	EndGlobalSection
EndGlobal
